
Microsoft Visual Studio Solution File, Format Version 12.00
# Visual Studio 2012
Project("{FAE04EC0-301F-11D3-BF4B-00C04F79EFBC}") = "TestCoreUtil", "TestCoreUtil\TestCoreUtil.csproj", "{BF962139-DD77-486C-B32E-CBAD81E095D4}"
EndProject
Project("{FAE04EC0-301F-11D3-BF4B-00C04F79EFBC}") = "CoreUtil", "CoreUtil\CoreUtil.csproj", "{016C3141-AB67-4BBC-A54A-F39B29E8F825}"
EndProject
Global
	GlobalSection(SolutionConfigurationPlatforms) = preSolution
		Debug|Any CPU = Debug|Any CPU
		Release|Any CPU = Release|Any CPU
	EndGlobalSection
	GlobalSection(ProjectConfigurationPlatforms) = postSolution
		{BF962139-DD77-486C-B32E-CBAD81E095D4}.Debug|Any CPU.ActiveCfg = Debug|Any CPU
		{BF962139-DD77-486C-B32E-CBAD81E095D4}.Debug|Any CPU.Build.0 = Debug|Any CPU
		{BF962139-DD77-486C-B32E-CBAD81E095D4}.Release|Any CPU.ActiveCfg = Release|Any CPU
		{BF962139-DD77-486C-B32E-CBAD81E095D4}.Release|Any CPU.Build.0 = Release|Any CPU
		{016C3141-AB67-4BBC-A54A-F39B29E8F825}.Debug|Any CPU.ActiveCfg = Debug|Any CPU
		{016C3141-AB67-4BBC-A54A-F39B29E8F825}.Debug|Any CPU.Build.0 = Debug|Any CPU
		{016C3141-AB67-4BBC-A54A-F39B29E8F825}.Release|Any CPU.ActiveCfg = Release|Any CPU
		{016C3141-AB67-4BBC-A54A-F39B29E8F825}.Release|Any CPU.Build.0 = Release|Any CPU
	EndGlobalSection
	GlobalSection(SolutionProperties) = preSolution
		HideSolutionNode = FALSE
	EndGlobalSection
EndGlobal
